PODS:
  - CiCareSDKCallIOS (1.2.1-rc.23):
    - CryptoSwift (= 1.8.4)
    - Socket.IO-Client-Swift (= 16.1.1)
    - Starscream (= 4.0.8)
    - WebRTC-lib (= 138.0.0)
  - CryptoSwift (1.8.4)
  - FittedSheets (2.7.1)
  - Socket.IO-Client-Swift (16.1.1):
    - Starscream (~> 4.0.8)
  - Starscream (4.0.8)
  - WebRTC-lib (138.0.0)

DEPENDENCIES:
  - CiCareSDKCallIOS (from `../CicareSdkCall/CiCareSDKCallIOS.podspec`)
  - FittedSheets

SPEC REPOS:
  trunk:
    - CryptoSwift
    - FittedSheets
    - Socket.IO-Client-Swift
    - Starscream
    - WebRTC-lib

EXTERNAL SOURCES:
  CiCareSDKCallIOS:
    :path: "../CicareSdkCall/CiCareSDKCallIOS.podspec"

SPEC CHECKSUMS:
  CiCareSDKCallIOS: 78d691c07f051da43a43a00b3ba9dc5edef23f57
  CryptoSwift: e64e11850ede528a02a0f3e768cec8e9d92ecb90
  FittedSheets: 38ec85129bf5c970f99d4dba4fbf48185c5fa98a
  Socket.IO-Client-Swift: 3614bea82ba005df1c2ff01154f4004993e05ad7
  Starscream: 19b5533ddb925208db698f0ac508a100b884a1b9
  WebRTC-lib: c27ca48636290aad1df5f976ba5eab70aeff3dda

PODFILE CHECKSUM: 390efbe6d89d0729cc76945c21149d8499984749

COCOAPODS: 1.16.2
