// !$*UTF8*$!
{
	archiveVersion = 1;
	classes = {
	};
	objectVersion = 77;
	objects = {

/* Begin PBXBuildFile section */
		46D7C5702E8233980062778B /* Pods_CiCareCall.framework in Frameworks */ = {isa = PBXBuildFile; fileRef = 2A619C5552854310A15EBCA2 /* Pods_CiCareCall.framework */; };
		6096A3479430FD39744F6213 /* Pods_CiCareCall_CiCareCallUITests.framework in Frameworks */ = {isa = PBXBuildFile; fileRef = 833C7C568EA022B2EA6C70E2 /* Pods_CiCareCall_CiCareCallUITests.framework */; };
		7802780D81CC5F2D5F10583E /* Pods_CiCareCallTests.framework in Frameworks */ = {isa = PBXBuildFile; fileRef = 69ABE2B6270C9AE14FF9A275 /* Pods_CiCareCallTests.framework */; };
/* End PBXBuildFile section */

/* Begin PBXContainerItemProxy section */
		467C90842E4F39900079DA2F /* PBXContainerItemProxy */ = {
			isa = PBXContainerItemProxy;
			containerPortal = 467C906E2E4F398D0079DA2F /* Project object */;
			proxyType = 1;
			remoteGlobalIDString = 467C90752E4F398D0079DA2F;
			remoteInfo = CiCareCall;
		};
		467C908E2E4F39900079DA2F /* PBXContainerItemProxy */ = {
			isa = PBXContainerItemProxy;
			containerPortal = 467C906E2E4F398D0079DA2F /* Project object */;
			proxyType = 1;
			remoteGlobalIDString = 467C90752E4F398D0079DA2F;
			remoteInfo = CiCareCall;
		};
/* End PBXContainerItemProxy section */

/* Begin PBXFileReference section */
		2A619C5552854310A15EBCA2 /* Pods_CiCareCall.framework */ = {isa = PBXFileReference; explicitFileType = wrapper.framework; includeInIndex = 0; path = Pods_CiCareCall.framework; sourceTree = BUILT_PRODUCTS_DIR; };
		467C90762E4F398D0079DA2F /* CiCareCall.app */ = {isa = PBXFileReference; explicitFileType = wrapper.application; includeInIndex = 0; path = CiCareCall.app; sourceTree = BUILT_PRODUCTS_DIR; };
		467C90832E4F39900079DA2F /* CiCareCallTests.xctest */ = {isa = PBXFileReference; explicitFileType = wrapper.cfbundle; includeInIndex = 0; path = CiCareCallTests.xctest; sourceTree = BUILT_PRODUCTS_DIR; };
		467C908D2E4F39900079DA2F /* CiCareCallUITests.xctest */ = {isa = PBXFileReference; explicitFileType = wrapper.cfbundle; includeInIndex = 0; path = CiCareCallUITests.xctest; sourceTree = BUILT_PRODUCTS_DIR; };
		46D7C8B72E8A991C0062778B /* CicareSdkCall */ = {isa = PBXFileReference; lastKnownFileType = wrapper; name = CicareSdkCall; path = ../CicareSdkCall; sourceTree = SOURCE_ROOT; };
		54B8DD9A02DB74CEAECB49D7 /* Pods-CiCareCall-CiCareCallUITests.debug.xcconfig */ = {isa = PBXFileReference; includeInIndex = 1; lastKnownFileType = text.xcconfig; name = "Pods-CiCareCall-CiCareCallUITests.debug.xcconfig"; path = "Target Support Files/Pods-CiCareCall-CiCareCallUITests/Pods-CiCareCall-CiCareCallUITests.debug.xcconfig"; sourceTree = "<group>"; };
		6483A4E9F10461A5C46D94DF /* Pods-CiCareCall.debug.xcconfig */ = {isa = PBXFileReference; includeInIndex = 1; lastKnownFileType = text.xcconfig; name = "Pods-CiCareCall.debug.xcconfig"; path = "Target Support Files/Pods-CiCareCall/Pods-CiCareCall.debug.xcconfig"; sourceTree = "<group>"; };
		69ABE2B6270C9AE14FF9A275 /* Pods_CiCareCallTests.framework */ = {isa = PBXFileReference; explicitFileType = wrapper.framework; includeInIndex = 0; path = Pods_CiCareCallTests.framework; sourceTree = BUILT_PRODUCTS_DIR; };
		833C7C568EA022B2EA6C70E2 /* Pods_CiCareCall_CiCareCallUITests.framework */ = {isa = PBXFileReference; explicitFileType = wrapper.framework; includeInIndex = 0; path = Pods_CiCareCall_CiCareCallUITests.framework; sourceTree = BUILT_PRODUCTS_DIR; };
		B0D56B8036C3A92BCA626CAB /* Pods-CiCareCall-CiCareCallUITests.release.xcconfig */ = {isa = PBXFileReference; includeInIndex = 1; lastKnownFileType = text.xcconfig; name = "Pods-CiCareCall-CiCareCallUITests.release.xcconfig"; path = "Target Support Files/Pods-CiCareCall-CiCareCallUITests/Pods-CiCareCall-CiCareCallUITests.release.xcconfig"; sourceTree = "<group>"; };
		CF657A4983D53C2842573514 /* Pods-CiCareCallTests.debug.xcconfig */ = {isa = PBXFileReference; includeInIndex = 1; lastKnownFileType = text.xcconfig; name = "Pods-CiCareCallTests.debug.xcconfig"; path = "Target Support Files/Pods-CiCareCallTests/Pods-CiCareCallTests.debug.xcconfig"; sourceTree = "<group>"; };
		F10852BBB4945FE89F779E07 /* Pods-CiCareCallTests.release.xcconfig */ = {isa = PBXFileReference; includeInIndex = 1; lastKnownFileType = text.xcconfig; name = "Pods-CiCareCallTests.release.xcconfig"; path = "Target Support Files/Pods-CiCareCallTests/Pods-CiCareCallTests.release.xcconfig"; sourceTree = "<group>"; };
		F764E6DE0154A6C4AC4CE138 /* Pods-CiCareCall.release.xcconfig */ = {isa = PBXFileReference; includeInIndex = 1; lastKnownFileType = text.xcconfig; name = "Pods-CiCareCall.release.xcconfig"; path = "Target Support Files/Pods-CiCareCall/Pods-CiCareCall.release.xcconfig"; sourceTree = "<group>"; };
/* End PBXFileReference section */

/* Begin PBXFileSystemSynchronizedBuildFileExceptionSet section */
		46736A912E51D2A200DB8649 /* Exceptions for "CiCareCall" folder in "CiCareCall" target */ = {
			isa = PBXFileSystemSynchronizedBuildFileExceptionSet;
			membershipExceptions = (
				Info.plist,
			);
			target = 467C90752E4F398D0079DA2F /* CiCareCall */;
		};
/* End PBXFileSystemSynchronizedBuildFileExceptionSet section */

/* Begin PBXFileSystemSynchronizedRootGroup section */
		467C90782E4F398D0079DA2F /* CiCareCall */ = {
			isa = PBXFileSystemSynchronizedRootGroup;
			exceptions = (
				46736A912E51D2A200DB8649 /* Exceptions for "CiCareCall" folder in "CiCareCall" target */,
			);
			path = CiCareCall;
			sourceTree = "<group>";
		};
		467C90862E4F39900079DA2F /* CiCareCallTests */ = {
			isa = PBXFileSystemSynchronizedRootGroup;
			path = CiCareCallTests;
			sourceTree = "<group>";
		};
		467C90902E4F39900079DA2F /* CiCareCallUITests */ = {
			isa = PBXFileSystemSynchronizedRootGroup;
			path = CiCareCallUITests;
			sourceTree = "<group>";
		};
/* End PBXFileSystemSynchronizedRootGroup section */

/* Begin PBXFrameworksBuildPhase section */
		467C90732E4F398D0079DA2F /* Frameworks */ = {
			isa = PBXFrameworksBuildPhase;
			buildActionMask = 2147483647;
			files = (
				46D7C5702E8233980062778B /* Pods_CiCareCall.framework in Frameworks */,
			);
			runOnlyForDeploymentPostprocessing = 0;
		};
		467C90802E4F39900079DA2F /* Frameworks */ = {
			isa = PBXFrameworksBuildPhase;
			buildActionMask = 2147483647;
			files = (
				7802780D81CC5F2D5F10583E /* Pods_CiCareCallTests.framework in Frameworks */,
			);
			runOnlyForDeploymentPostprocessing = 0;
		};
		467C908A2E4F39900079DA2F /* Frameworks */ = {
			isa = PBXFrameworksBuildPhase;
			buildActionMask = 2147483647;
			files = (
				6096A3479430FD39744F6213 /* Pods_CiCareCall_CiCareCallUITests.framework in Frameworks */,
			);
			runOnlyForDeploymentPostprocessing = 0;
		};
/* End PBXFrameworksBuildPhase section */

/* Begin PBXGroup section */
		467C906D2E4F398D0079DA2F = {
			isa = PBXGroup;
			children = (
				46D7C8B72E8A991C0062778B /* CicareSdkCall */,
				467C90782E4F398D0079DA2F /* CiCareCall */,
				467C90862E4F39900079DA2F /* CiCareCallTests */,
				467C90902E4F39900079DA2F /* CiCareCallUITests */,
				467C90B22E4F3C840079DA2F /* Frameworks */,
				467C90772E4F398D0079DA2F /* Products */,
				E53A5178E22F198BF03E41C0 /* Pods */,
			);
			sourceTree = "<group>";
		};
		467C90772E4F398D0079DA2F /* Products */ = {
			isa = PBXGroup;
			children = (
				467C90762E4F398D0079DA2F /* CiCareCall.app */,
				467C90832E4F39900079DA2F /* CiCareCallTests.xctest */,
				467C908D2E4F39900079DA2F /* CiCareCallUITests.xctest */,
			);
			name = Products;
			sourceTree = "<group>";
		};
		467C90B22E4F3C840079DA2F /* Frameworks */ = {
			isa = PBXGroup;
			children = (
				2A619C5552854310A15EBCA2 /* Pods_CiCareCall.framework */,
				833C7C568EA022B2EA6C70E2 /* Pods_CiCareCall_CiCareCallUITests.framework */,
				69ABE2B6270C9AE14FF9A275 /* Pods_CiCareCallTests.framework */,
			);
			name = Frameworks;
			sourceTree = "<group>";
		};
		E53A5178E22F198BF03E41C0 /* Pods */ = {
			isa = PBXGroup;
			children = (
				6483A4E9F10461A5C46D94DF /* Pods-CiCareCall.debug.xcconfig */,
				F764E6DE0154A6C4AC4CE138 /* Pods-CiCareCall.release.xcconfig */,
				54B8DD9A02DB74CEAECB49D7 /* Pods-CiCareCall-CiCareCallUITests.debug.xcconfig */,
				B0D56B8036C3A92BCA626CAB /* Pods-CiCareCall-CiCareCallUITests.release.xcconfig */,
				CF657A4983D53C2842573514 /* Pods-CiCareCallTests.debug.xcconfig */,
				F10852BBB4945FE89F779E07 /* Pods-CiCareCallTests.release.xcconfig */,
			);
			path = Pods;
			sourceTree = "<group>";
		};
/* End PBXGroup section */

/* Begin PBXNativeTarget section */
		467C90752E4F398D0079DA2F /* CiCareCall */ = {
			isa = PBXNativeTarget;
			buildConfigurationList = 467C90972E4F39900079DA2F /* Build configuration list for PBXNativeTarget "CiCareCall" */;
			buildPhases = (
				5338DE540288BD411A0C97E5 /* [CP] Check Pods Manifest.lock */,
				467C90722E4F398D0079DA2F /* Sources */,
				467C90732E4F398D0079DA2F /* Frameworks */,
				467C90742E4F398D0079DA2F /* Resources */,
				0D725AB85B2B7FB0BB462573 /* [CP] Embed Pods Frameworks */,
				46D7C9182E8BD6710062778B /* ShellScript */,
			);
			buildRules = (
			);
			dependencies = (
			);
			fileSystemSynchronizedGroups = (
				467C90782E4F398D0079DA2F /* CiCareCall */,
			);
			name = CiCareCall;
			productName = CiCareCall;
			productReference = 467C90762E4F398D0079DA2F /* CiCareCall.app */;
			productType = "com.apple.product-type.application";
		};
		467C90822E4F39900079DA2F /* CiCareCallTests */ = {
			isa = PBXNativeTarget;
			buildConfigurationList = 467C909A2E4F39900079DA2F /* Build configuration list for PBXNativeTarget "CiCareCallTests" */;
			buildPhases = (
				0A52DAF1956A87A87ABD33F2 /* [CP] Check Pods Manifest.lock */,
				467C907F2E4F39900079DA2F /* Sources */,
				467C90802E4F39900079DA2F /* Frameworks */,
				467C90812E4F39900079DA2F /* Resources */,
			);
			buildRules = (
			);
			dependencies = (
				467C90852E4F39900079DA2F /* PBXTargetDependency */,
			);
			fileSystemSynchronizedGroups = (
				467C90862E4F39900079DA2F /* CiCareCallTests */,
			);
			name = CiCareCallTests;
			productName = CiCareCallTests;
			productReference = 467C90832E4F39900079DA2F /* CiCareCallTests.xctest */;
			productType = "com.apple.product-type.bundle.unit-test";
		};
		467C908C2E4F39900079DA2F /* CiCareCallUITests */ = {
			isa = PBXNativeTarget;
			buildConfigurationList = 467C909D2E4F39900079DA2F /* Build configuration list for PBXNativeTarget "CiCareCallUITests" */;
			buildPhases = (
				35A946938C8182FEDC793EE1 /* [CP] Check Pods Manifest.lock */,
				467C90892E4F39900079DA2F /* Sources */,
				467C908A2E4F39900079DA2F /* Frameworks */,
				467C908B2E4F39900079DA2F /* Resources */,
				13CE154927FDF1E64C7C9920 /* [CP] Embed Pods Frameworks */,
			);
			buildRules = (
			);
			dependencies = (
				467C908F2E4F39900079DA2F /* PBXTargetDependency */,
			);
			fileSystemSynchronizedGroups = (
				467C90902E4F39900079DA2F /* CiCareCallUITests */,
			);
			name = CiCareCallUITests;
			productName = CiCareCallUITests;
			productReference = 467C908D2E4F39900079DA2F /* CiCareCallUITests.xctest */;
			productType = "com.apple.product-type.bundle.ui-testing";
		};
/* End PBXNativeTarget section */

/* Begin PBXProject section */
		467C906E2E4F398D0079DA2F /* Project object */ = {
			isa = PBXProject;
			attributes = {
				BuildIndependentTargetsInParallel = 1;
				LastSwiftUpdateCheck = 1640;
				LastUpgradeCheck = 1640;
				TargetAttributes = {
					467C90752E4F398D0079DA2F = {
						CreatedOnToolsVersion = 16.4;
					};
					467C90822E4F39900079DA2F = {
						CreatedOnToolsVersion = 16.4;
						TestTargetID = 467C90752E4F398D0079DA2F;
					};
					467C908C2E4F39900079DA2F = {
						CreatedOnToolsVersion = 16.4;
						TestTargetID = 467C90752E4F398D0079DA2F;
					};
				};
			};
			buildConfigurationList = 467C90712E4F398D0079DA2F /* Build configuration list for PBXProject "CiCareCall" */;
			developmentRegion = en;
			hasScannedForEncodings = 0;
			knownRegions = (
				en,
				Base,
			);
			mainGroup = 467C906D2E4F398D0079DA2F;
			minimizedProjectReferenceProxies = 1;
			preferredProjectObjectVersion = 77;
			productRefGroup = 467C90772E4F398D0079DA2F /* Products */;
			projectDirPath = "";
			projectRoot = "";
			targets = (
				467C90752E4F398D0079DA2F /* CiCareCall */,
				467C90822E4F39900079DA2F /* CiCareCallTests */,
				467C908C2E4F39900079DA2F /* CiCareCallUITests */,
			);
		};
/* End PBXProject section */

/* Begin PBXResourcesBuildPhase section */
		467C90742E4F398D0079DA2F /* Resources */ = {
			isa = PBXResourcesBuildPhase;
			buildActionMask = 2147483647;
			files = (
			);
			runOnlyForDeploymentPostprocessing = 0;
		};
		467C90812E4F39900079DA2F /* Resources */ = {
			isa = PBXResourcesBuildPhase;
			buildActionMask = 2147483647;
			files = (
			);
			runOnlyForDeploymentPostprocessing = 0;
		};
		467C908B2E4F39900079DA2F /* Resources */ = {
			isa = PBXResourcesBuildPhase;
			buildActionMask = 2147483647;
			files = (
			);
			runOnlyForDeploymentPostprocessing = 0;
		};
/* End PBXResourcesBuildPhase section */

/* Begin PBXShellScriptBuildPhase section */
		0A52DAF1956A87A87ABD33F2 /* [CP] Check Pods Manifest.lock */ = {
			isa = PBXShellScriptBuildPhase;
			buildActionMask = 2147483647;
			files = (
			);
			inputFileListPaths = (
			);
			inputPaths = (
				"${PODS_PODFILE_DIR_PATH}/Podfile.lock",
				"${PODS_ROOT}/Manifest.lock",
			);
			name = "[CP] Check Pods Manifest.lock";
			outputFileListPaths = (
			);
			outputPaths = (
				"$(DERIVED_FILE_DIR)/Pods-CiCareCallTests-checkManifestLockResult.txt",
			);
			runOnlyForDeploymentPostprocessing = 0;
			shellPath = /bin/sh;
			shellScript = "diff \"${PODS_PODFILE_DIR_PATH}/Podfile.lock\" \"${PODS_ROOT}/Manifest.lock\" > /dev/null\nif [ $? != 0 ] ; then\n    # print error to STDERR\n    echo \"error: The sandbox is not in sync with the Podfile.lock. Run 'pod install' or update your CocoaPods installation.\" >&2\n    exit 1\nfi\n# This output is used by Xcode 'outputs' to avoid re-running this script phase.\necho \"SUCCESS\" > \"${SCRIPT_OUTPUT_FILE_0}\"\n";
			showEnvVarsInLog = 0;
		};
		0D725AB85B2B7FB0BB462573 /* [CP] Embed Pods Frameworks */ = {
			isa = PBXShellScriptBuildPhase;
			buildActionMask = 2147483647;
			files = (
			);
			inputFileListPaths = (
				"${PODS_ROOT}/Target Support Files/Pods-CiCareCall/Pods-CiCareCall-frameworks-${CONFIGURATION}-input-files.xcfilelist",
			);
			inputPaths = (
			);
			name = "[CP] Embed Pods Frameworks";
			outputFileListPaths = (
				"${PODS_ROOT}/Target Support Files/Pods-CiCareCall/Pods-CiCareCall-frameworks-${CONFIGURATION}-output-files.xcfilelist",
			);
			outputPaths = (
			);
			runOnlyForDeploymentPostprocessing = 0;
			shellPath = /bin/sh;
			shellScript = "\"${PODS_ROOT}/Target Support Files/Pods-CiCareCall/Pods-CiCareCall-frameworks.sh\"\n";
			showEnvVarsInLog = 0;
		};
		13CE154927FDF1E64C7C9920 /* [CP] Embed Pods Frameworks */ = {
			isa = PBXShellScriptBuildPhase;
			buildActionMask = 2147483647;
			files = (
			);
			inputFileListPaths = (
				"${PODS_ROOT}/Target Support Files/Pods-CiCareCall-CiCareCallUITests/Pods-CiCareCall-CiCareCallUITests-frameworks-${CONFIGURATION}-input-files.xcfilelist",
			);
			inputPaths = (
			);
			name = "[CP] Embed Pods Frameworks";
			outputFileListPaths = (
				"${PODS_ROOT}/Target Support Files/Pods-CiCareCall-CiCareCallUITests/Pods-CiCareCall-CiCareCallUITests-frameworks-${CONFIGURATION}-output-files.xcfilelist",
			);
			outputPaths = (
			);
			runOnlyForDeploymentPostprocessing = 0;
			shellPath = /bin/sh;
			shellScript = "\"${PODS_ROOT}/Target Support Files/Pods-CiCareCall-CiCareCallUITests/Pods-CiCareCall-CiCareCallUITests-frameworks.sh\"\n";
			showEnvVarsInLog = 0;
		};
		35A946938C8182FEDC793EE1 /* [CP] Check Pods Manifest.lock */ = {
			isa = PBXShellScriptBuildPhase;
			buildActionMask = 2147483647;
			files = (
			);
			inputFileListPaths = (
			);
			inputPaths = (
				"${PODS_PODFILE_DIR_PATH}/Podfile.lock",
				"${PODS_ROOT}/Manifest.lock",
			);
			name = "[CP] Check Pods Manifest.lock";
			outputFileListPaths = (
			);
			outputPaths = (
				"$(DERIVED_FILE_DIR)/Pods-CiCareCall-CiCareCallUITests-checkManifestLockResult.txt",
			);
			runOnlyForDeploymentPostprocessing = 0;
			shellPath = /bin/sh;
			shellScript = "diff \"${PODS_PODFILE_DIR_PATH}/Podfile.lock\" \"${PODS_ROOT}/Manifest.lock\" > /dev/null\nif [ $? != 0 ] ; then\n    # print error to STDERR\n    echo \"error: The sandbox is not in sync with the Podfile.lock. Run 'pod install' or update your CocoaPods installation.\" >&2\n    exit 1\nfi\n# This output is used by Xcode 'outputs' to avoid re-running this script phase.\necho \"SUCCESS\" > \"${SCRIPT_OUTPUT_FILE_0}\"\n";
			showEnvVarsInLog = 0;
		};
		46D7C9182E8BD6710062778B /* ShellScript */ = {
			isa = PBXShellScriptBuildPhase;
			buildActionMask = 12;
			files = (
			);
			inputFileListPaths = (
			);
			inputPaths = (
			);
			outputFileListPaths = (
			);
			outputPaths = (
			);
			runOnlyForDeploymentPostprocessing = 0;
			shellPath = /bin/sh;
			shellScript = "if [ -d \"${BUILT_PRODUCTS_DIR}/${FRAMEWORKS_FOLDER_PATH}/WebRTC.framework\" ]; then\n    echo \"Generating dSYM for WebRTC.framework\"\n    dsymutil \"${BUILT_PRODUCTS_DIR}/${FRAMEWORKS_FOLDER_PATH}/WebRTC.framework/WebRTC\" -o \"${BUILT_PRODUCTS_DIR}/WebRTC.framework.dSYM\"\nfi\n";
		};
		5338DE540288BD411A0C97E5 /* [CP] Check Pods Manifest.lock */ = {
			isa = PBXShellScriptBuildPhase;
			buildActionMask = 2147483647;
			files = (
			);
			inputFileListPaths = (
			);
			inputPaths = (
				"${PODS_PODFILE_DIR_PATH}/Podfile.lock",
				"${PODS_ROOT}/Manifest.lock",
			);
			name = "[CP] Check Pods Manifest.lock";
			outputFileListPaths = (
			);
			outputPaths = (
				"$(DERIVED_FILE_DIR)/Pods-CiCareCall-checkManifestLockResult.txt",
			);
			runOnlyForDeploymentPostprocessing = 0;
			shellPath = /bin/sh;
			shellScript = "diff \"${PODS_PODFILE_DIR_PATH}/Podfile.lock\" \"${PODS_ROOT}/Manifest.lock\" > /dev/null\nif [ $? != 0 ] ; then\n    # print error to STDERR\n    echo \"error: The sandbox is not in sync with the Podfile.lock. Run 'pod install' or update your CocoaPods installation.\" >&2\n    exit 1\nfi\n# This output is used by Xcode 'outputs' to avoid re-running this script phase.\necho \"SUCCESS\" > \"${SCRIPT_OUTPUT_FILE_0}\"\n";
			showEnvVarsInLog = 0;
		};
/* End PBXShellScriptBuildPhase section */

/* Begin PBXSourcesBuildPhase section */
		467C90722E4F398D0079DA2F /* Sources */ = {
			isa = PBXSourcesBuildPhase;
			buildActionMask = 2147483647;
			files = (
			);
			runOnlyForDeploymentPostprocessing = 0;
		};
		467C907F2E4F39900079DA2F /* Sources */ = {
			isa = PBXSourcesBuildPhase;
			buildActionMask = 2147483647;
			files = (
			);
			runOnlyForDeploymentPostprocessing = 0;
		};
		467C90892E4F39900079DA2F /* Sources */ = {
			isa = PBXSourcesBuildPhase;
			buildActionMask = 2147483647;
			files = (
			);
			runOnlyForDeploymentPostprocessing = 0;
		};
/* End PBXSourcesBuildPhase section */

/* Begin PBXTargetDependency section */
		467C90852E4F39900079DA2F /* PBXTargetDependency */ = {
			isa = PBXTargetDependency;
			target = 467C90752E4F398D0079DA2F /* CiCareCall */;
			targetProxy = 467C90842E4F39900079DA2F /* PBXContainerItemProxy */;
		};
		467C908F2E4F39900079DA2F /* PBXTargetDependency */ = {
			isa = PBXTargetDependency;
			target = 467C90752E4F398D0079DA2F /* CiCareCall */;
			targetProxy = 467C908E2E4F39900079DA2F /* PBXContainerItemProxy */;
		};
/* End PBXTargetDependency section */

/* Begin XCBuildConfiguration section */
		467C90952E4F39900079DA2F /* Debug */ = {
			isa = XCBuildConfiguration;
			buildSettings = {
				ALWAYS_SEARCH_USER_PATHS = NO;
				ASSETCATALOG_COMPILER_GENERATE_SWIFT_ASSET_SYMBOL_EXTENSIONS = YES;
				CLANG_ANALYZER_NONNULL = YES;
				CLANG_ANALYZER_NUMBER_OBJECT_CONVERSION = YES_AGGRESSIVE;
				CLANG_CXX_LANGUAGE_STANDARD = "gnu++20";
				CLANG_ENABLE_MODULES = YES;
				CLANG_ENABLE_OBJC_ARC = YES;
				CLANG_ENABLE_OBJC_WEAK = YES;
				CLANG_WARN_BLOCK_CAPTURE_AUTORELEASING = YES;
				CLANG_WARN_BOOL_CONVERSION = YES;
				CLANG_WARN_COMMA = YES;
				CLANG_WARN_CONSTANT_CONVERSION = YES;
				CLANG_WARN_DEPRECATED_OBJC_IMPLEMENTATIONS = YES;
				CLANG_WARN_DIRECT_OBJC_ISA_USAGE = YES_ERROR;
				CLANG_WARN_DOCUMENTATION_COMMENTS = YES;
				CLANG_WARN_EMPTY_BODY = YES;
				CLANG_WARN_ENUM_CONVERSION = YES;
				CLANG_WARN_INFINITE_RECURSION = YES;
				CLANG_WARN_INT_CONVERSION = YES;
				CLANG_WARN_NON_LITERAL_NULL_CONVERSION = YES;
				CLANG_WARN_OBJC_IMPLICIT_RETAIN_SELF = YES;
				CLANG_WARN_OBJC_LITERAL_CONVERSION = YES;
				CLANG_WARN_OBJC_ROOT_CLASS = YES_ERROR;
				CLANG_WARN_QUOTED_INCLUDE_IN_FRAMEWORK_HEADER = YES;
				CLANG_WARN_RANGE_LOOP_ANALYSIS = YES;
				CLANG_WARN_STRICT_PROTOTYPES = YES;
				CLANG_WARN_SUSPICIOUS_MOVE = YES;
				CLANG_WARN_UNGUARDED_AVAILABILITY = YES_AGGRESSIVE;
				CLANG_WARN_UNREACHABLE_CODE = YES;
				CLANG_WARN__DUPLICATE_METHOD_MATCH = YES;
				COPY_PHASE_STRIP = NO;
				DEBUG_INFORMATION_FORMAT = dwarf;
				ENABLE_STRICT_OBJC_MSGSEND = YES;
				ENABLE_TESTABILITY = YES;
				ENABLE_USER_SCRIPT_SANDBOXING = YES;
				GCC_C_LANGUAGE_STANDARD = gnu17;
				GCC_DYNAMIC_NO_PIC = NO;
				GCC_NO_COMMON_BLOCKS = YES;
				GCC_OPTIMIZATION_LEVEL = 0;
				GCC_PREPROCESSOR_DEFINITIONS = (
					"DEBUG=1",
					"$(inherited)",
				);
				GCC_WARN_64_TO_32_BIT_CONVERSION = YES;
				GCC_WARN_ABOUT_RETURN_TYPE = YES_ERROR;
				GCC_WARN_UNDECLARED_SELECTOR = YES;
				GCC_WARN_UNINITIALIZED_AUTOS = YES_AGGRESSIVE;
				GCC_WARN_UNUSED_FUNCTION = YES;
				GCC_WARN_UNUSED_VARIABLE = YES;
				IPHONEOS_DEPLOYMENT_TARGET = 18.5;
				LOCALIZATION_PREFERS_STRING_CATALOGS = YES;
				MTL_ENABLE_DEBUG_INFO = INCLUDE_SOURCE;
				MTL_FAST_MATH = YES;
				ONLY_ACTIVE_ARCH = YES;
				SDKROOT = iphoneos;
				SWIFT_ACTIVE_COMPILATION_CONDITIONS = "DEBUG $(inherited)";
				SWIFT_OPTIMIZATION_LEVEL = "-Onone";
			};
			name = Debug;
		};
		467C90962E4F39900079DA2F /* Release */ = {
			isa = XCBuildConfiguration;
			buildSettings = {
				ALWAYS_SEARCH_USER_PATHS = NO;
				ASSETCATALOG_COMPILER_GENERATE_SWIFT_ASSET_SYMBOL_EXTENSIONS = YES;
				CLANG_ANALYZER_NONNULL = YES;
				CLANG_ANALYZER_NUMBER_OBJECT_CONVERSION = YES_AGGRESSIVE;
				CLANG_CXX_LANGUAGE_STANDARD = "gnu++20";
				CLANG_ENABLE_MODULES = YES;
				CLANG_ENABLE_OBJC_ARC = YES;
				CLANG_ENABLE_OBJC_WEAK = YES;
				CLANG_WARN_BLOCK_CAPTURE_AUTORELEASING = YES;
				CLANG_WARN_BOOL_CONVERSION = YES;
				CLANG_WARN_COMMA = YES;
				CLANG_WARN_CONSTANT_CONVERSION = YES;
				CLANG_WARN_DEPRECATED_OBJC_IMPLEMENTATIONS = YES;
				CLANG_WARN_DIRECT_OBJC_ISA_USAGE = YES_ERROR;
				CLANG_WARN_DOCUMENTATION_COMMENTS = YES;
				CLANG_WARN_EMPTY_BODY = YES;
				CLANG_WARN_ENUM_CONVERSION = YES;
				CLANG_WARN_INFINITE_RECURSION = YES;
				CLANG_WARN_INT_CONVERSION = YES;
				CLANG_WARN_NON_LITERAL_NULL_CONVERSION = YES;
				CLANG_WARN_OBJC_IMPLICIT_RETAIN_SELF = YES;
				CLANG_WARN_OBJC_LITERAL_CONVERSION = YES;
				CLANG_WARN_OBJC_ROOT_CLASS = YES_ERROR;
				CLANG_WARN_QUOTED_INCLUDE_IN_FRAMEWORK_HEADER = YES;
				CLANG_WARN_RANGE_LOOP_ANALYSIS = YES;
				CLANG_WARN_STRICT_PROTOTYPES = YES;
				CLANG_WARN_SUSPICIOUS_MOVE = YES;
				CLANG_WARN_UNGUARDED_AVAILABILITY = YES_AGGRESSIVE;
				CLANG_WARN_UNREACHABLE_CODE = YES;
				CLANG_WARN__DUPLICATE_METHOD_MATCH = YES;
				COPY_PHASE_STRIP = NO;
				DEBUG_INFORMATION_FORMAT = "dwarf-with-dsym";
				ENABLE_NS_ASSERTIONS = NO;
				ENABLE_STRICT_OBJC_MSGSEND = YES;
				ENABLE_USER_SCRIPT_SANDBOXING = YES;
				GCC_C_LANGUAGE_STANDARD = gnu17;
				GCC_NO_COMMON_BLOCKS = YES;
				GCC_WARN_64_TO_32_BIT_CONVERSION = YES;
				GCC_WARN_ABOUT_RETURN_TYPE = YES_ERROR;
				GCC_WARN_UNDECLARED_SELECTOR = YES;
				GCC_WARN_UNINITIALIZED_AUTOS = YES_AGGRESSIVE;
				GCC_WARN_UNUSED_FUNCTION = YES;
				GCC_WARN_UNUSED_VARIABLE = YES;
				IPHONEOS_DEPLOYMENT_TARGET = 18.5;
				LOCALIZATION_PREFERS_STRING_CATALOGS = YES;
				MTL_ENABLE_DEBUG_INFO = NO;
				MTL_FAST_MATH = YES;
				SDKROOT = iphoneos;
				SWIFT_COMPILATION_MODE = wholemodule;
				VALIDATE_PRODUCT = YES;
			};
			name = Release;
		};
		467C90982E4F39900079DA2F /* Debug */ = {
			isa = XCBuildConfiguration;
			baseConfigurationReference = 6483A4E9F10461A5C46D94DF /* Pods-CiCareCall.debug.xcconfig */;
			buildSettings = {
				ASSETCATALOG_COMPILER_APPICON_NAME = AppIcon;
				ASSETCATALOG_COMPILER_GLOBAL_ACCENT_COLOR_NAME = AccentColor;
				ASSETCATALOG_COMPILER_INCLUDE_ALL_APPICON_ASSETS = NO;
				CODE_SIGN_ENTITLEMENTS = CiCareCall/CiCareCall.entitlements;
				CODE_SIGN_STYLE = Automatic;
				CURRENT_PROJECT_VERSION = 1;
				DEVELOPMENT_TEAM = J458ZL5DNL;
				ENABLE_PREVIEWS = YES;
				ENABLE_USER_SCRIPT_SANDBOXING = NO;
				GENERATE_INFOPLIST_FILE = YES;
				INFOPLIST_FILE = CiCareCall/Info.plist;
				INFOPLIST_KEY_LSApplicationCategoryType = "public.app-category.utilities";
				INFOPLIST_KEY_NSCameraUsageDescription = "use for video call";
				INFOPLIST_KEY_NSMicrophoneUsageDescription = "use for call";
				INFOPLIST_KEY_UIApplicationSceneManifest_Generation = YES;
				INFOPLIST_KEY_UIApplicationSupportsIndirectInputEvents = YES;
				INFOPLIST_KEY_UILaunchScreen_Generation = YES;
				INFOPLIST_KEY_UISupportedInterfaceOrientations_iPad = "UIInterfaceOrientationPortrait UIInterfaceOrientationPortraitUpsideDown UIInterfaceOrientationLandscapeLeft UIInterfaceOrientationLandscapeRight";
				INFOPLIST_KEY_UISupportedInterfaceOrientations_iPhone = "UIInterfaceOrientationPortrait UIInterfaceOrientationLandscapeLeft UIInterfaceOrientationLandscapeRight";
				IPHONEOS_DEPLOYMENT_TARGET = 15;
				LD_RUNPATH_SEARCH_PATHS = (
					"$(inherited)",
					"@executable_path/Frameworks",
				);
				MARKETING_VERSION = 2.3;
				PRODUCT_BUNDLE_IDENTIFIER = cc.cicare.CiCareCall;
				PRODUCT_NAME = "$(TARGET_NAME)";
				SWIFT_EMIT_LOC_STRINGS = YES;
				SWIFT_VERSION = 5.0;
				TARGETED_DEVICE_FAMILY = "1,2";
			};
			name = Debug;
		};
		467C90992E4F39900079DA2F /* Release */ = {
			isa = XCBuildConfiguration;
			baseConfigurationReference = F764E6DE0154A6C4AC4CE138 /* Pods-CiCareCall.release.xcconfig */;
			buildSettings = {
				ASSETCATALOG_COMPILER_APPICON_NAME = AppIcon;
				ASSETCATALOG_COMPILER_GLOBAL_ACCENT_COLOR_NAME = AccentColor;
				ASSETCATALOG_COMPILER_INCLUDE_ALL_APPICON_ASSETS = NO;
				CODE_SIGN_ENTITLEMENTS = CiCareCall/CiCareCallRelease.entitlements;
				CODE_SIGN_IDENTITY = "Apple Development";
				CODE_SIGN_STYLE = Automatic;
				CURRENT_PROJECT_VERSION = 1;
				DEVELOPMENT_TEAM = J458ZL5DNL;
				ENABLE_PREVIEWS = YES;
				ENABLE_USER_SCRIPT_SANDBOXING = NO;
				GENERATE_INFOPLIST_FILE = YES;
				INFOPLIST_FILE = CiCareCall/Info.plist;
				INFOPLIST_KEY_LSApplicationCategoryType = "public.app-category.utilities";
				INFOPLIST_KEY_NSCameraUsageDescription = "use for video call";
				INFOPLIST_KEY_NSMicrophoneUsageDescription = "use for call";
				INFOPLIST_KEY_UIApplicationSceneManifest_Generation = YES;
				INFOPLIST_KEY_UIApplicationSupportsIndirectInputEvents = YES;
				INFOPLIST_KEY_UILaunchScreen_Generation = YES;
				INFOPLIST_KEY_UISupportedInterfaceOrientations_iPad = "UIInterfaceOrientationPortrait UIInterfaceOrientationPortraitUpsideDown UIInterfaceOrientationLandscapeLeft UIInterfaceOrientationLandscapeRight";
				INFOPLIST_KEY_UISupportedInterfaceOrientations_iPhone = "UIInterfaceOrientationPortrait UIInterfaceOrientationLandscapeLeft UIInterfaceOrientationLandscapeRight";
				IPHONEOS_DEPLOYMENT_TARGET = 15;
				LD_RUNPATH_SEARCH_PATHS = (
					"$(inherited)",
					"@executable_path/Frameworks",
				);
				MARKETING_VERSION = 2.3;
				PRODUCT_BUNDLE_IDENTIFIER = cc.cicare.CiCareCall;
				PRODUCT_NAME = "$(TARGET_NAME)";
				PROVISIONING_PROFILE_SPECIFIER = "";
				SWIFT_EMIT_LOC_STRINGS = YES;
				SWIFT_VERSION = 5.0;
				TARGETED_DEVICE_FAMILY = "1,2";
			};
			name = Release;
		};
		467C909B2E4F39900079DA2F /* Debug */ = {
			isa = XCBuildConfiguration;
			baseConfigurationReference = CF657A4983D53C2842573514 /* Pods-CiCareCallTests.debug.xcconfig */;
			buildSettings = {
				BUNDLE_LOADER = "$(TEST_HOST)";
				CODE_SIGN_STYLE = Automatic;
				CURRENT_PROJECT_VERSION = 1;
				GENERATE_INFOPLIST_FILE = YES;
				IPHONEOS_DEPLOYMENT_TARGET = 18.5;
				MARKETING_VERSION = 1.0;
				PRODUCT_BUNDLE_IDENTIFIER = cc.cicare.CiCareCallTests;
				PRODUCT_NAME = "$(TARGET_NAME)";
				SWIFT_EMIT_LOC_STRINGS = NO;
				SWIFT_VERSION = 5.0;
				TARGETED_DEVICE_FAMILY = "1,2";
				TEST_HOST = "$(BUILT_PRODUCTS_DIR)/CiCareCall.app/$(BUNDLE_EXECUTABLE_FOLDER_PATH)/CiCareCall";
			};
			name = Debug;
		};
		467C909C2E4F39900079DA2F /* Release */ = {
			isa = XCBuildConfiguration;
			baseConfigurationReference = F10852BBB4945FE89F779E07 /* Pods-CiCareCallTests.release.xcconfig */;
			buildSettings = {
				BUNDLE_LOADER = "$(TEST_HOST)";
				CODE_SIGN_STYLE = Automatic;
				CURRENT_PROJECT_VERSION = 1;
				GENERATE_INFOPLIST_FILE = YES;
				IPHONEOS_DEPLOYMENT_TARGET = 18.5;
				MARKETING_VERSION = 1.0;
				PRODUCT_BUNDLE_IDENTIFIER = cc.cicare.CiCareCallTests;
				PRODUCT_NAME = "$(TARGET_NAME)";
				SWIFT_EMIT_LOC_STRINGS = NO;
				SWIFT_VERSION = 5.0;
				TARGETED_DEVICE_FAMILY = "1,2";
				TEST_HOST = "$(BUILT_PRODUCTS_DIR)/CiCareCall.app/$(BUNDLE_EXECUTABLE_FOLDER_PATH)/CiCareCall";
			};
			name = Release;
		};
		467C909E2E4F39900079DA2F /* Debug */ = {
			isa = XCBuildConfiguration;
			baseConfigurationReference = 54B8DD9A02DB74CEAECB49D7 /* Pods-CiCareCall-CiCareCallUITests.debug.xcconfig */;
			buildSettings = {
				CODE_SIGN_STYLE = Automatic;
				CURRENT_PROJECT_VERSION = 1;
				GENERATE_INFOPLIST_FILE = YES;
				MARKETING_VERSION = 1.0;
				PRODUCT_BUNDLE_IDENTIFIER = cc.cicare.CiCareCallUITests;
				PRODUCT_NAME = "$(TARGET_NAME)";
				SWIFT_EMIT_LOC_STRINGS = NO;
				SWIFT_VERSION = 5.0;
				TARGETED_DEVICE_FAMILY = "1,2";
				TEST_TARGET_NAME = CiCareCall;
			};
			name = Debug;
		};
		467C909F2E4F39900079DA2F /* Release */ = {
			isa = XCBuildConfiguration;
			baseConfigurationReference = B0D56B8036C3A92BCA626CAB /* Pods-CiCareCall-CiCareCallUITests.release.xcconfig */;
			buildSettings = {
				CODE_SIGN_STYLE = Automatic;
				CURRENT_PROJECT_VERSION = 1;
				GENERATE_INFOPLIST_FILE = YES;
				MARKETING_VERSION = 1.0;
				PRODUCT_BUNDLE_IDENTIFIER = cc.cicare.CiCareCallUITests;
				PRODUCT_NAME = "$(TARGET_NAME)";
				SWIFT_EMIT_LOC_STRINGS = NO;
				SWIFT_VERSION = 5.0;
				TARGETED_DEVICE_FAMILY = "1,2";
				TEST_TARGET_NAME = CiCareCall;
			};
			name = Release;
		};
/* End XCBuildConfiguration section */

/* Begin XCConfigurationList section */
		467C90712E4F398D0079DA2F /* Build configuration list for PBXProject "CiCareCall" */ = {
			isa = XCConfigurationList;
			buildConfigurations = (
				467C90952E4F39900079DA2F /* Debug */,
				467C90962E4F39900079DA2F /* Release */,
			);
			defaultConfigurationIsVisible = 0;
			defaultConfigurationName = Release;
		};
		467C90972E4F39900079DA2F /* Build configuration list for PBXNativeTarget "CiCareCall" */ = {
			isa = XCConfigurationList;
			buildConfigurations = (
				467C90982E4F39900079DA2F /* Debug */,
				467C90992E4F39900079DA2F /* Release */,
			);
			defaultConfigurationIsVisible = 0;
			defaultConfigurationName = Release;
		};
		467C909A2E4F39900079DA2F /* Build configuration list for PBXNativeTarget "CiCareCallTests" */ = {
			isa = XCConfigurationList;
			buildConfigurations = (
				467C909B2E4F39900079DA2F /* Debug */,
				467C909C2E4F39900079DA2F /* Release */,
			);
			defaultConfigurationIsVisible = 0;
			defaultConfigurationName = Release;
		};
		467C909D2E4F39900079DA2F /* Build configuration list for PBXNativeTarget "CiCareCallUITests" */ = {
			isa = XCConfigurationList;
			buildConfigurations = (
				467C909E2E4F39900079DA2F /* Debug */,
				467C909F2E4F39900079DA2F /* Release */,
			);
			defaultConfigurationIsVisible = 0;
			defaultConfigurationName = Release;
		};
/* End XCConfigurationList section */
	};
	rootObject = 467C906E2E4F398D0079DA2F /* Project object */;
}
